        "dotenv": "^16.4.5",
    "node_modules/dotenv": {
      "version": "16.4.5",
      "resolved": "https://registry.npmjs.org/dotenv/-/dotenv-16.4.5.tgz",
      "integrity": "sha512-ZmdL2rui+eB2YwhsWzjInR8LldtZHGDoQ1ugH85ppHKwpUHL7j7rN0Ti9NCnGiQbhaZ11FpR+7ao1dNsmduNUg==",
    "node_modules/dotenv-expand": {
      "version": "11.0.7",
      "resolved": "https://registry.npmjs.org/dotenv-expand/-/dotenv-expand-11.0.7.tgz",
      "integrity": "sha512-zIHwmZPRshsCdpMDyVsqGmgyP0yT8GAgXUnkdAoJisxvf33k7yO6OuoKmcTGuXPWSsm8Oh88nZicRLA9Y0rUeA==",
      "dependencies": {
        "dotenv": "^16.4.5"
      },
